
Microsoft Visual Studio Solution File, Format Version 12.00
# Visual Studio Version 17
VisualStudioVersion = 17.11.35312.102
MinimumVisualStudioVersion = 10.0.40219.1
Project("{FAE04EC0-301F-11D3-BF4B-00C04F79EFBC}") = "Arrays1OAiP", "Arrays1OAiP.csproj", "{C3170711-4BBE-444A-A1D7-02EE02D5E3F3}"
EndProject
Global
	GlobalSection(SolutionConfigurationPlatforms) = preSolution
		Debug|Any CPU = Debug|Any CPU
		Release|Any CPU = Release|Any CPU
	EndGlobalSection
	GlobalSection(ProjectConfigurationPlatforms) = postSolution
		{C3170711-4BBE-444A-A1D7-02EE02D5E3F3}.Debug|Any CPU.ActiveCfg = Debug|Any CPU
		{C3170711-4BBE-444A-A1D7-02EE02D5E3F3}.Debug|Any CPU.Build.0 = Debug|Any CPU
		{C3170711-4BBE-444A-A1D7-02EE02D5E3F3}.Release|Any CPU.ActiveCfg = Release|Any CPU
		{C3170711-4BBE-444A-A1D7-02EE02D5E3F3}.Release|Any CPU.Build.0 = Release|Any CPU
	EndGlobalSection
	GlobalSection(SolutionProperties) = preSolution
		HideSolutionNode = FALSE
	EndGlobalSection
	GlobalSection(ExtensibilityGlobals) = postSolution
		SolutionGuid = {54937A6F-414A-4020-B8F1-3E2E0838BAB0}
	EndGlobalSection
EndGlobal
